// !$*UTF8*$!
{
	archiveVersion = 1;
	classes = {
	};
	objectVersion = 50;
	objects = {

/* Begin PBXBuildFile section */
		D70E968922D741710055937B /* HTTPMethod.swift in Sources */ = {isa = PBXBuildFile; fileRef = D70E968822D741710055937B /* HTTPMethod.swift */; };
		D70E968C22D742E40055937B /* Debug.swift in Sources */ = {isa = PBXBuildFile; fileRef = D70E968B22D742E40055937B /* Debug.swift */; };
		D747AEB122D183B2000E1006 /* Auth.swift in Sources */ = {isa = PBXBuildFile; fileRef = D747AEB022D183B2000E1006 /* Auth.swift */; };
		D747AEB522D183C9000E1006 /* User.swift in Sources */ = {isa = PBXBuildFile; fileRef = D747AEB422D183C9000E1006 /* User.swift */; };
		D747AEB722D18613000E1006 /* AuthViewController.swift in Sources */ = {isa = PBXBuildFile; fileRef = D747AEB622D18613000E1006 /* AuthViewController.swift */; };
		D7558D0322C37147007950DD /* AccountCollectionViewCell.swift in Sources */ = {isa = PBXBuildFile; fileRef = D7558D0222C37147007950DD /* AccountCollectionViewCell.swift */; };
		D7558D0522C3734E007950DD /* VideoUtils.swift in Sources */ = {isa = PBXBuildFile; fileRef = D7558D0422C3734E007950DD /* VideoUtils.swift */; };
		D7558D0722C37465007950DD /* SampleMovies in Resources */ = {isa = PBXBuildFile; fileRef = D7558D0622C37465007950DD /* SampleMovies */; };
		D7558D0922C3777A007950DD /* UIColor+colors.swift in Sources */ = {isa = PBXBuildFile; fileRef = D7558D0822C3777A007950DD /* UIColor+colors.swift */; };
		D76DA1E022BE0020005CFD93 /* AppDelegate.swift in Sources */ = {isa = PBXBuildFile; fileRef = D76DA1DF22BE0020005CFD93 /* AppDelegate.swift */; };
		D76DA1E722BE0021005CFD93 /* Assets.xcassets in Resources */ = {isa = PBXBuildFile; fileRef = D76DA1E622BE0021005CFD93 /* Assets.xcassets */; };
		D76DA1EA22BE0021005CFD93 /* LaunchScreen.storyboard in Resources */ = {isa = PBXBuildFile; fileRef = D76DA1E822BE0021005CFD93 /* LaunchScreen.storyboard */; };
		D76DA1F322BE009C005CFD93 /* HomeViewController.swift in Sources */ = {isa = PBXBuildFile; fileRef = D76DA1F222BE009C005CFD93 /* HomeViewController.swift */; };
		D76DA1F822BE00A6005CFD93 /* Channel.swift in Sources */ = {isa = PBXBuildFile; fileRef = D76DA1F522BE00A6005CFD93 /* Channel.swift */; };
		D76DA1F922BE00A6005CFD93 /* Database.swift in Sources */ = {isa = PBXBuildFile; fileRef = D76DA1F622BE00A6005CFD93 /* Database.swift */; };
		D76DA1FA22BE00A6005CFD93 /* Video.swift in Sources */ = {isa = PBXBuildFile; fileRef = D76DA1F722BE00A6005CFD93 /* Video.swift */; };
		D76DA1FF22BE00AE005CFD93 /* MenuBarView.swift in Sources */ = {isa = PBXBuildFile; fileRef = D76DA1FC22BE00AE005CFD93 /* MenuBarView.swift */; };
		D76DA20022BE00AE005CFD93 /* MenuBarCollectionViewCell.swift in Sources */ = {isa = PBXBuildFile; fileRef = D76DA1FD22BE00AE005CFD93 /* MenuBarCollectionViewCell.swift */; };
		D76DA20122BE00AE005CFD93 /* VideoTableViewCell.swift in Sources */ = {isa = PBXBuildFile; fileRef = D76DA1FE22BE00AE005CFD93 /* VideoTableViewCell.swift */; };
		D76DA20322BE1FF0005CFD93 /* SettingsLauncher.swift in Sources */ = {isa = PBXBuildFile; fileRef = D76DA20222BE1FF0005CFD93 /* SettingsLauncher.swift */; };
		D76DA20522BF1579005CFD93 /* SettingTableViewCell.swift in Sources */ = {isa = PBXBuildFile; fileRef = D76DA20422BF1579005CFD93 /* SettingTableViewCell.swift */; };
		D76DA20722BF16A6005CFD93 /* Setting.swift in Sources */ = {isa = PBXBuildFile; fileRef = D76DA20622BF16A6005CFD93 /* Setting.swift */; };
		D76DA20B22BF3648005CFD93 /* SettingContainerViewController.swift in Sources */ = {isa = PBXBuildFile; fileRef = D76DA20A22BF3648005CFD93 /* SettingContainerViewController.swift */; };
		D76DA20D22BF7380005CFD93 /* FeedCollectionViewCell.swift in Sources */ = {isa = PBXBuildFile; fileRef = D76DA20C22BF7380005CFD93 /* FeedCollectionViewCell.swift */; };
		D76DA20F22BF75BC005CFD93 /* MenuBarItem.swift in Sources */ = {isa = PBXBuildFile; fileRef = D76DA20E22BF75BC005CFD93 /* MenuBarItem.swift */; };
		D76DA21222BF8418005CFD93 /* VideoLauncher.swift in Sources */ = {isa = PBXBuildFile; fileRef = D76DA21122BF8418005CFD93 /* VideoLauncher.swift */; };
		D76DA21422BF8430005CFD93 /* VideoPlayerView.swift in Sources */ = {isa = PBXBuildFile; fileRef = D76DA21322BF8430005CFD93 /* VideoPlayerView.swift */; };
		D78565C222DB54FD0096CEAD /* PostViewController.swift in Sources */ = {isa = PBXBuildFile; fileRef = D78565C122DB54FD0096CEAD /* PostViewController.swift */; };
		D78928E522DC94E900BA9B4F /* Server in Resources */ = {isa = PBXBuildFile; fileRef = D78928E422DC94E900BA9B4F /* Server */; };
		D7BB13F922DC30D8009724D3 /* UIViewController+alert.swift in Sources */ = {isa = PBXBuildFile; fileRef = D7BB13F822DC30D8009724D3 /* UIViewController+alert.swift */; };
		D7FE44E122D96D5600EB272B /* ElapsedTimeSlider.swift in Sources */ = {isa = PBXBuildFile; fileRef = D7FE44E022D96D5600EB272B /* ElapsedTimeSlider.swift */; };
		D7FE44E322D96E6B00EB272B /* AccountViewController.swift in Sources */ = {isa = PBXBuildFile; fileRef = D7FE44E222D96E6B00EB272B /* AccountViewController.swift */; };
/* End PBXBuildFile section */

/* Begin PBXFileReference section */
		D70E968822D741710055937B /* HTTPMethod.swift */ = {isa = PBXFileReference; lastKnownFileType = sourcecode.swift; path = HTTPMethod.swift; sourceTree = "<group>"; };
		D70E968B22D742E40055937B /* Debug.swift */ = {isa = PBXFileReference; lastKnownFileType = sourcecode.swift; path = Debug.swift; sourceTree = "<group>"; };
		D747AEB022D183B2000E1006 /* Auth.swift */ = {isa = PBXFileReference; lastKnownFileType = sourcecode.swift; path = Auth.swift; sourceTree = "<group>"; };
		D747AEB422D183C9000E1006 /* User.swift */ = {isa = PBXFileReference; lastKnownFileType = sourcecode.swift; path = User.swift; sourceTree = "<group>"; };
		D747AEB622D18613000E1006 /* AuthViewController.swift */ = {isa = PBXFileReference; lastKnownFileType = sourcecode.swift; path = AuthViewController.swift; sourceTree = "<group>"; };
		D7558D0222C37147007950DD /* AccountCollectionViewCell.swift */ = {isa = PBXFileReference; lastKnownFileType = sourcecode.swift; path = AccountCollectionViewCell.swift; sourceTree = "<group>"; };
		D7558D0422C3734E007950DD /* VideoUtils.swift */ = {isa = PBXFileReference; lastKnownFileType = sourcecode.swift; path = VideoUtils.swift; sourceTree = "<group>"; };
		D7558D0622C37465007950DD /* SampleMovies */ = {isa = PBXFileReference; lastKnownFileType = folder; path = SampleMovies; sourceTree = SOURCE_ROOT; };
		D7558D0822C3777A007950DD /* UIColor+colors.swift */ = {isa = PBXFileReference; lastKnownFileType = sourcecode.swift; path = "UIColor+colors.swift"; sourceTree = "<group>"; };
		D76DA1DC22BE0020005CFD93 /* YouTubeClone.app */ = {isa = PBXFileReference; explicitFileType = wrapper.application; includeInIndex = 0; path = YouTubeClone.app; sourceTree = BUILT_PRODUCTS_DIR; };
		D76DA1DF22BE0020005CFD93 /* AppDelegate.swift */ = {isa = PBXFileReference; lastKnownFileType = sourcecode.swift; path = AppDelegate.swift; sourceTree = "<group>"; };
		D76DA1E622BE0021005CFD93 /* Assets.xcassets */ = {isa = PBXFileReference; lastKnownFileType = folder.assetcatalog; path = Assets.xcassets; sourceTree = "<group>"; };
		D76DA1E922BE0021005CFD93 /* Base */ = {isa = PBXFileReference; lastKnownFileType = file.storyboard; name = Base; path = Base.lproj/LaunchScreen.storyboard; sourceTree = "<group>"; };
		D76DA1EB22BE0021005CFD93 /* Info.plist */ = {isa = PBXFileReference; lastKnownFileType = text.plist.xml; path = Info.plist; sourceTree = "<group>"; };
		D76DA1F222BE009C005CFD93 /* HomeViewController.swift */ = {isa = PBXFileReference; fileEncoding = 4; lastKnownFileType = sourcecode.swift; path = HomeViewController.swift; sourceTree = "<group>"; };
		D76DA1F522BE00A6005CFD93 /* Channel.swift */ = {isa = PBXFileReference; fileEncoding = 4; lastKnownFileType = sourcecode.swift; path = Channel.swift; sourceTree = "<group>"; };
		D76DA1F622BE00A6005CFD93 /* Database.swift */ = {isa = PBXFileReference; fileEncoding = 4; lastKnownFileType = sourcecode.swift; path = Database.swift; sourceTree = "<group>"; };
		D76DA1F722BE00A6005CFD93 /* Video.swift */ = {isa = PBXFileReference; fileEncoding = 4; lastKnownFileType = sourcecode.swift; path = Video.swift; sourceTree = "<group>"; };
		D76DA1FC22BE00AE005CFD93 /* MenuBarView.swift */ = {isa = PBXFileReference; fileEncoding = 4; lastKnownFileType = sourcecode.swift; path = MenuBarView.swift; sourceTree = "<group>"; };
		D76DA1FD22BE00AE005CFD93 /* MenuBarCollectionViewCell.swift */ = {isa = PBXFileReference; fileEncoding = 4; lastKnownFileType = sourcecode.swift; path = MenuBarCollectionViewCell.swift; sourceTree = "<group>"; };
		D76DA1FE22BE00AE005CFD93 /* VideoTableViewCell.swift */ = {isa = PBXFileReference; fileEncoding = 4; lastKnownFileType = sourcecode.swift; path = VideoTableViewCell.swift; sourceTree = "<group>"; };
		D76DA20222BE1FF0005CFD93 /* SettingsLauncher.swift */ = {isa = PBXFileReference; lastKnownFileType = sourcecode.swift; path = SettingsLauncher.swift; sourceTree = "<group>"; };
		D76DA20422BF1579005CFD93 /* SettingTableViewCell.swift */ = {isa = PBXFileReference; lastKnownFileType = sourcecode.swift; path = SettingTableViewCell.swift; sourceTree = "<group>"; };
		D76DA20622BF16A6005CFD93 /* Setting.swift */ = {isa = PBXFileReference; lastKnownFileType = sourcecode.swift; path = Setting.swift; sourceTree = "<group>"; };
		D76DA20A22BF3648005CFD93 /* SettingContainerViewController.swift */ = {isa = PBXFileReference; lastKnownFileType = sourcecode.swift; path = SettingContainerViewController.swift; sourceTree = "<group>"; };
		D76DA20C22BF7380005CFD93 /* FeedCollectionViewCell.swift */ = {isa = PBXFileReference; lastKnownFileType = sourcecode.swift; path = FeedCollectionViewCell.swift; sourceTree = "<group>"; };
		D76DA20E22BF75BC005CFD93 /* MenuBarItem.swift */ = {isa = PBXFileReference; lastKnownFileType = sourcecode.swift; path = MenuBarItem.swift; sourceTree = "<group>"; };
		D76DA21122BF8418005CFD93 /* VideoLauncher.swift */ = {isa = PBXFileReference; lastKnownFileType = sourcecode.swift; path = VideoLauncher.swift; sourceTree = "<group>"; };
		D76DA21322BF8430005CFD93 /* VideoPlayerView.swift */ = {isa = PBXFileReference; lastKnownFileType = sourcecode.swift; path = VideoPlayerView.swift; sourceTree = "<group>"; };
		D78565C122DB54FD0096CEAD /* PostViewController.swift */ = {isa = PBXFileReference; lastKnownFileType = sourcecode.swift; path = PostViewController.swift; sourceTree = "<group>"; };
		D78928E422DC94E900BA9B4F /* Server */ = {isa = PBXFileReference; lastKnownFileType = folder; path = Server; sourceTree = SOURCE_ROOT; };
		D7BB13F822DC30D8009724D3 /* UIViewController+alert.swift */ = {isa = PBXFileReference; lastKnownFileType = sourcecode.swift; path = "UIViewController+alert.swift"; sourceTree = "<group>"; };
		D7FE44E022D96D5600EB272B /* ElapsedTimeSlider.swift */ = {isa = PBXFileReference; lastKnownFileType = sourcecode.swift; path = ElapsedTimeSlider.swift; sourceTree = "<group>"; };
		D7FE44E222D96E6B00EB272B /* AccountViewController.swift */ = {isa = PBXFileReference; lastKnownFileType = sourcecode.swift; path = AccountViewController.swift; sourceTree = "<group>"; };
/* End PBXFileReference section */

/* Begin PBXFrameworksBuildPhase section */
		D76DA1D922BE0020005CFD93 /* Frameworks */ = {
			isa = PBXFrameworksBuildPhase;
			buildActionMask = 2147483647;
			files = (
			);
			runOnlyForDeploymentPostprocessing = 0;
		};
/* End PBXFrameworksBuildPhase section */

/* Begin PBXGroup section */
		D70E968A22D742DD0055937B /* Debug */ = {
			isa = PBXGroup;
			children = (
				D70E968B22D742E40055937B /* Debug.swift */,
			);
			path = Debug;
			sourceTree = "<group>";
		};
		D72EC8C522D81BB7008EE0E8 /* Auth */ = {
			isa = PBXGroup;
			children = (
			);
			path = Auth;
			sourceTree = "<group>";
		};
		D747AEAF22D183A0000E1006 /* Authentication */ = {
			isa = PBXGroup;
			children = (
				D747AEB022D183B2000E1006 /* Auth.swift */,
			);
			path = Authentication;
			sourceTree = "<group>";
		};
		D76DA1D322BE0020005CFD93 = {
			isa = PBXGroup;
			children = (
				D76DA1DE22BE0020005CFD93 /* YouTubeClone */,
				D76DA1DD22BE0020005CFD93 /* Products */,
			);
			sourceTree = "<group>";
		};
		D76DA1DD22BE0020005CFD93 /* Products */ = {
			isa = PBXGroup;
			children = (
				D76DA1DC22BE0020005CFD93 /* YouTubeClone.app */,
			);
			name = Products;
			sourceTree = "<group>";
		};
		D76DA1DE22BE0020005CFD93 /* YouTubeClone */ = {
			isa = PBXGroup;
			children = (
				D72EC8C522D81BB7008EE0E8 /* Auth */,
				D70E968A22D742DD0055937B /* Debug */,
				D747AEAF22D183A0000E1006 /* Authentication */,
				D78F8A4022C083C6004D89DF /* Extensions */,
				D76DA21022BF83FB005CFD93 /* Helpers */,
				D76DA1F422BE00A6005CFD93 /* Model */,
				D76DA1FB22BE00AE005CFD93 /* View */,
				D76DA1F122BE009C005CFD93 /* Controller */,
				D76DA1DF22BE0020005CFD93 /* AppDelegate.swift */,
				D7558D0422C3734E007950DD /* VideoUtils.swift */,
				D76DA1F622BE00A6005CFD93 /* Database.swift */,
				D70E968822D741710055937B /* HTTPMethod.swift */,
				D76DA1E622BE0021005CFD93 /* Assets.xcassets */,
				D76DA1E822BE0021005CFD93 /* LaunchScreen.storyboard */,
				D76DA1EB22BE0021005CFD93 /* Info.plist */,
				D78928E422DC94E900BA9B4F /* Server */,
				D7558D0622C37465007950DD /* SampleMovies */,
			);
			path = YouTubeClone;
			sourceTree = "<group>";
		};
		D76DA1F122BE009C005CFD93 /* Controller */ = {
			isa = PBXGroup;
			children = (
				D76DA1F222BE009C005CFD93 /* HomeViewController.swift */,
				D76DA20A22BF3648005CFD93 /* SettingContainerViewController.swift */,
				D747AEB622D18613000E1006 /* AuthViewController.swift */,
				D7FE44E222D96E6B00EB272B /* AccountViewController.swift */,
				D78565C122DB54FD0096CEAD /* PostViewController.swift */,
			);
			path = Controller;
			sourceTree = "<group>";
		};
		D76DA1F422BE00A6005CFD93 /* Model */ = {
			isa = PBXGroup;
			children = (
				D76DA1F522BE00A6005CFD93 /* Channel.swift */,
				D76DA1F722BE00A6005CFD93 /* Video.swift */,
				D76DA20622BF16A6005CFD93 /* Setting.swift */,
				D76DA20E22BF75BC005CFD93 /* MenuBarItem.swift */,
				D747AEB422D183C9000E1006 /* User.swift */,
			);
			path = Model;
			sourceTree = "<group>";
		};
		D76DA1FB22BE00AE005CFD93 /* View */ = {
			isa = PBXGroup;
			children = (
				D76DA1FC22BE00AE005CFD93 /* MenuBarView.swift */,
				D76DA1FD22BE00AE005CFD93 /* MenuBarCollectionViewCell.swift */,
				D76DA1FE22BE00AE005CFD93 /* VideoTableViewCell.swift */,
				D76DA20422BF1579005CFD93 /* SettingTableViewCell.swift */,
				D76DA20C22BF7380005CFD93 /* FeedCollectionViewCell.swift */,
				D76DA21322BF8430005CFD93 /* VideoPlayerView.swift */,
				D7558D0222C37147007950DD /* AccountCollectionViewCell.swift */,
				D7FE44E022D96D5600EB272B /* ElapsedTimeSlider.swift */,
			);
			path = View;
			sourceTree = "<group>";
		};
		D76DA21022BF83FB005CFD93 /* Helpers */ = {
			isa = PBXGroup;
			children = (
				D76DA20222BE1FF0005CFD93 /* SettingsLauncher.swift */,
				D76DA21122BF8418005CFD93 /* VideoLauncher.swift */,
			);
			path = Helpers;
			sourceTree = "<group>";
		};
		D78F8A4022C083C6004D89DF /* Extensions */ = {
			isa = PBXGroup;
			children = (
				D7558D0822C3777A007950DD /* UIColor+colors.swift */,
				D7BB13F822DC30D8009724D3 /* UIViewController+alert.swift */,
			);
			path = Extensions;
			sourceTree = "<group>";
		};
/* End PBXGroup section */

/* Begin PBXNativeTarget section */
		D76DA1DB22BE0020005CFD93 /* YouTubeClone */ = {
			isa = PBXNativeTarget;
			buildConfigurationList = D76DA1EE22BE0021005CFD93 /* Build configuration list for PBXNativeTarget "YouTubeClone" */;
			buildPhases = (
				D76DA1D822BE0020005CFD93 /* Sources */,
				D76DA1D922BE0020005CFD93 /* Frameworks */,
				D76DA1DA22BE0020005CFD93 /* Resources */,
			);
			buildRules = (
			);
			dependencies = (
			);
			name = YouTubeClone;
			productName = YouTubeClone;
			productReference = D76DA1DC22BE0020005CFD93 /* YouTubeClone.app */;
			productType = "com.apple.product-type.application";
		};
/* End PBXNativeTarget section */

/* Begin PBXProject section */
		D76DA1D422BE0020005CFD93 /* Project object */ = {
			isa = PBXProject;
			attributes = {
				LastSwiftUpdateCheck = 1020;
				LastUpgradeCheck = 1020;
				ORGANIZATIONNAME = "小林聖人";
				TargetAttributes = {
					D76DA1DB22BE0020005CFD93 = {
						CreatedOnToolsVersion = 10.2.1;
					};
				};
			};
			buildConfigurationList = D76DA1D722BE0020005CFD93 /* Build configuration list for PBXProject "YouTubeClone" */;
			compatibilityVersion = "Xcode 9.3";
			developmentRegion = en;
			hasScannedForEncodings = 0;
			knownRegions = (
				en,
				Base,
			);
			mainGroup = D76DA1D322BE0020005CFD93;
			productRefGroup = D76DA1DD22BE0020005CFD93 /* Products */;
			projectDirPath = "";
			projectRoot = "";
			targets = (
				D76DA1DB22BE0020005CFD93 /* YouTubeClone */,
			);
		};
/* End PBXProject section */

/* Begin PBXResourcesBuildPhase section */
		D76DA1DA22BE0020005CFD93 /* Resources */ = {
			isa = PBXResourcesBuildPhase;
			buildActionMask = 2147483647;
			files = (
				D7558D0722C37465007950DD /* SampleMovies in Resources */,
				D78928E522DC94E900BA9B4F /* Server in Resources */,
				D76DA1EA22BE0021005CFD93 /* LaunchScreen.storyboard in Resources */,
				D76DA1E722BE0021005CFD93 /* Assets.xcassets in Resources */,
			);
			runOnlyForDeploymentPostprocessing = 0;
		};
/* End PBXResourcesBuildPhase section */

/* Begin PBXSourcesBuildPhase section */
		D76DA1D822BE0020005CFD93 /* Sources */ = {
			isa = PBXSourcesBuildPhase;
			buildActionMask = 2147483647;
			files = (
				D76DA1E022BE0020005CFD93 /* AppDelegate.swift in Sources */,
				D76DA20022BE00AE005CFD93 /* MenuBarCollectionViewCell.swift in Sources */,
				D7FE44E322D96E6B00EB272B /* AccountViewController.swift in Sources */,
				D7BB13F922DC30D8009724D3 /* UIViewController+alert.swift in Sources */,
				D70E968922D741710055937B /* HTTPMethod.swift in Sources */,
				D7558D0922C3777A007950DD /* UIColor+colors.swift in Sources */,
				D76DA20322BE1FF0005CFD93 /* SettingsLauncher.swift in Sources */,
				D76DA1F822BE00A6005CFD93 /* Channel.swift in Sources */,
				D76DA1F922BE00A6005CFD93 /* Database.swift in Sources */,
				D76DA1FF22BE00AE005CFD93 /* MenuBarView.swift in Sources */,
				D76DA20722BF16A6005CFD93 /* Setting.swift in Sources */,
				D76DA21222BF8418005CFD93 /* VideoLauncher.swift in Sources */,
				D76DA1F322BE009C005CFD93 /* HomeViewController.swift in Sources */,
				D747AEB722D18613000E1006 /* AuthViewController.swift in Sources */,
				D76DA20122BE00AE005CFD93 /* VideoTableViewCell.swift in Sources */,
				D70E968C22D742E40055937B /* Debug.swift in Sources */,
				D7558D0322C37147007950DD /* AccountCollectionViewCell.swift in Sources */,
				D76DA20522BF1579005CFD93 /* SettingTableViewCell.swift in Sources */,
				D76DA20D22BF7380005CFD93 /* FeedCollectionViewCell.swift in Sources */,
				D78565C222DB54FD0096CEAD /* PostViewController.swift in Sources */,
				D7558D0522C3734E007950DD /* VideoUtils.swift in Sources */,
				D747AEB122D183B2000E1006 /* Auth.swift in Sources */,
				D7FE44E122D96D5600EB272B /* ElapsedTimeSlider.swift in Sources */,
				D76DA1FA22BE00A6005CFD93 /* Video.swift in Sources */,
				D76DA20B22BF3648005CFD93 /* SettingContainerViewController.swift in Sources */,
				D76DA20F22BF75BC005CFD93 /* MenuBarItem.swift in Sources */,
				D76DA21422BF8430005CFD93 /* VideoPlayerView.swift in Sources */,
				D747AEB522D183C9000E1006 /* User.swift in Sources */,
			);
			runOnlyForDeploymentPostprocessing = 0;
		};
/* End PBXSourcesBuildPhase section */

/* Begin PBXVariantGroup section */
		D76DA1E822BE0021005CFD93 /* LaunchScreen.storyboard */ = {
			isa = PBXVariantGroup;
			children = (
				D76DA1E922BE0021005CFD93 /* Base */,
			);
			name = LaunchScreen.storyboard;
			sourceTree = "<group>";
		};
/* End PBXVariantGroup section */

/* Begin XCBuildConfiguration section */
		D76DA1EC22BE0021005CFD93 /* Debug */ = {
			isa = XCBuildConfiguration;
			buildSettings = {
				ALWAYS_SEARCH_USER_PATHS = NO;
				CLANG_ANALYZER_NONNULL = YES;
				CLANG_ANALYZER_NUMBER_OBJECT_CONVERSION = YES_AGGRESSIVE;
				CLANG_CXX_LANGUAGE_STANDARD = "gnu++14";
				CLANG_CXX_LIBRARY = "libc++";
				CLANG_ENABLE_MODULES = YES;
				CLANG_ENABLE_OBJC_ARC = YES;
				CLANG_ENABLE_OBJC_WEAK = YES;
				CLANG_WARN_BLOCK_CAPTURE_AUTORELEASING = YES;
				CLANG_WARN_BOOL_CONVERSION = YES;
				CLANG_WARN_COMMA = YES;
				CLANG_WARN_CONSTANT_CONVERSION = YES;
				CLANG_WARN_DEPRECATED_OBJC_IMPLEMENTATIONS = YES;
				CLANG_WARN_DIRECT_OBJC_ISA_USAGE = YES_ERROR;
				CLANG_WARN_DOCUMENTATION_COMMENTS = YES;
				CLANG_WARN_EMPTY_BODY = YES;
				CLANG_WARN_ENUM_CONVERSION = YES;
				CLANG_WARN_INFINITE_RECURSION = YES;
				CLANG_WARN_INT_CONVERSION = YES;
				CLANG_WARN_NON_LITERAL_NULL_CONVERSION = YES;
				CLANG_WARN_OBJC_IMPLICIT_RETAIN_SELF = YES;
				CLANG_WARN_OBJC_LITERAL_CONVERSION = YES;
				CLANG_WARN_OBJC_ROOT_CLASS = YES_ERROR;
				CLANG_WARN_RANGE_LOOP_ANALYSIS = YES;
				CLANG_WARN_STRICT_PROTOTYPES = YES;
				CLANG_WARN_SUSPICIOUS_MOVE = YES;
				CLANG_WARN_UNGUARDED_AVAILABILITY = YES_AGGRESSIVE;
				CLANG_WARN_UNREACHABLE_CODE = YES;
				CLANG_WARN__DUPLICATE_METHOD_MATCH = YES;
				CODE_SIGN_IDENTITY = "iPhone Developer";
				COPY_PHASE_STRIP = NO;
				DEBUG_INFORMATION_FORMAT = dwarf;
				ENABLE_STRICT_OBJC_MSGSEND = YES;
				ENABLE_TESTABILITY = YES;
				GCC_C_LANGUAGE_STANDARD = gnu11;
				GCC_DYNAMIC_NO_PIC = NO;
				GCC_NO_COMMON_BLOCKS = YES;
				GCC_OPTIMIZATION_LEVEL = 0;
				GCC_PREPROCESSOR_DEFINITIONS = (
					"DEBUG=1",
					"$(inherited)",
				);
				GCC_WARN_64_TO_32_BIT_CONVERSION = YES;
				GCC_WARN_ABOUT_RETURN_TYPE = YES_ERROR;
				GCC_WARN_UNDECLARED_SELECTOR = YES;
				GCC_WARN_UNINITIALIZED_AUTOS = YES_AGGRESSIVE;
				GCC_WARN_UNUSED_FUNCTION = YES;
				GCC_WARN_UNUSED_VARIABLE = YES;
				IPHONEOS_DEPLOYMENT_TARGET = 12.2;
				MTL_ENABLE_DEBUG_INFO = INCLUDE_SOURCE;
				MTL_FAST_MATH = YES;
				ONLY_ACTIVE_ARCH = YES;
				SDKROOT = iphoneos;
				SWIFT_ACTIVE_COMPILATION_CONDITIONS = DEBUG;
				SWIFT_OPTIMIZATION_LEVEL = "-Onone";
			};
			name = Debug;
		};
		D76DA1ED22BE0021005CFD93 /* Release */ = {
			isa = XCBuildConfiguration;
			buildSettings = {
				ALWAYS_SEARCH_USER_PATHS = NO;
				CLANG_ANALYZER_NONNULL = YES;
				CLANG_ANALYZER_NUMBER_OBJECT_CONVERSION = YES_AGGRESSIVE;
				CLANG_CXX_LANGUAGE_STANDARD = "gnu++14";
				CLANG_CXX_LIBRARY = "libc++";
				CLANG_ENABLE_MODULES = YES;
				CLANG_ENABLE_OBJC_ARC = YES;
				CLANG_ENABLE_OBJC_WEAK = YES;
				CLANG_WARN_BLOCK_CAPTURE_AUTORELEASING = YES;
				CLANG_WARN_BOOL_CONVERSION = YES;
				CLANG_WARN_COMMA = YES;
				CLANG_WARN_CONSTANT_CONVERSION = YES;
				CLANG_WARN_DEPRECATED_OBJC_IMPLEMENTATIONS = YES;
				CLANG_WARN_DIRECT_OBJC_ISA_USAGE = YES_ERROR;
				CLANG_WARN_DOCUMENTATION_COMMENTS = YES;
				CLANG_WARN_EMPTY_BODY = YES;
				CLANG_WARN_ENUM_CONVERSION = YES;
				CLANG_WARN_INFINITE_RECURSION = YES;
				CLANG_WARN_INT_CONVERSION = YES;
				CLANG_WARN_NON_LITERAL_NULL_CONVERSION = YES;
				CLANG_WARN_OBJC_IMPLICIT_RETAIN_SELF = YES;
				CLANG_WARN_OBJC_LITERAL_CONVERSION = YES;
				CLANG_WARN_OBJC_ROOT_CLASS = YES_ERROR;
				CLANG_WARN_RANGE_LOOP_ANALYSIS = YES;
				CLANG_WARN_STRICT_PROTOTYPES = YES;
				CLANG_WARN_SUSPICIOUS_MOVE = YES;
				CLANG_WARN_UNGUARDED_AVAILABILITY = YES_AGGRESSIVE;
				CLANG_WARN_UNREACHABLE_CODE = YES;
				CLANG_WARN__DUPLICATE_METHOD_MATCH = YES;
				CODE_SIGN_IDENTITY = "iPhone Developer";
				COPY_PHASE_STRIP = NO;
				DEBUG_INFORMATION_FORMAT = "dwarf-with-dsym";
				ENABLE_NS_ASSERTIONS = NO;
				ENABLE_STRICT_OBJC_MSGSEND = YES;
				GCC_C_LANGUAGE_STANDARD = gnu11;
				GCC_NO_COMMON_BLOCKS = YES;
				GCC_WARN_64_TO_32_BIT_CONVERSION = YES;
				GCC_WARN_ABOUT_RETURN_TYPE = YES_ERROR;
				GCC_WARN_UNDECLARED_SELECTOR = YES;
				GCC_WARN_UNINITIALIZED_AUTOS = YES_AGGRESSIVE;
				GCC_WARN_UNUSED_FUNCTION = YES;
				GCC_WARN_UNUSED_VARIABLE = YES;
				IPHONEOS_DEPLOYMENT_TARGET = 12.2;
				MTL_ENABLE_DEBUG_INFO = NO;
				MTL_FAST_MATH = YES;
				SDKROOT = iphoneos;
				SWIFT_COMPILATION_MODE = wholemodule;
				SWIFT_OPTIMIZATION_LEVEL = "-O";
				VALIDATE_PRODUCT = YES;
			};
			name = Release;
		};
		D76DA1EF22BE0021005CFD93 /* Debug */ = {
			isa = XCBuildConfiguration;
			buildSettings = {
				ASSETCATALOG_COMPILER_APPICON_NAME = AppIcon;
				CODE_SIGN_STYLE = Automatic;
				DEVELOPMENT_TEAM = 5FF7DL6Z6Q;
				INFOPLIST_FILE = YouTubeClone/Info.plist;
				LD_RUNPATH_SEARCH_PATHS = (
					"$(inherited)",
					"@executable_path/Frameworks",
				);
				PRODUCT_BUNDLE_IDENTIFIER = sk.ubdc.YouTubeClone;
				PRODUCT_NAME = "$(TARGET_NAME)";
				SWIFT_VERSION = 5.0;
				TARGETED_DEVICE_FAMILY = "1,2";
			};
			name = Debug;
		};
		D76DA1F022BE0021005CFD93 /* Release */ = {
			isa = XCBuildConfiguration;
			buildSettings = {
				ASSETCATALOG_COMPILER_APPICON_NAME = AppIcon;
				CODE_SIGN_STYLE = Automatic;
				DEVELOPMENT_TEAM = 5FF7DL6Z6Q;
				INFOPLIST_FILE = YouTubeClone/Info.plist;
				LD_RUNPATH_SEARCH_PATHS = (
					"$(inherited)",
					"@executable_path/Frameworks",
				);
				PRODUCT_BUNDLE_IDENTIFIER = sk.ubdc.YouTubeClone;
				PRODUCT_NAME = "$(TARGET_NAME)";
				SWIFT_VERSION = 5.0;
				TARGETED_DEVICE_FAMILY = "1,2";
			};
			name = Release;
		};
/* End XCBuildConfiguration section */

/* Begin XCConfigurationList section */
		D76DA1D722BE0020005CFD93 /* Build configuration list for PBXProject "YouTubeClone" */ = {
			isa = XCConfigurationList;
			buildConfigurations = (
				D76DA1EC22BE0021005CFD93 /* Debug */,
				D76DA1ED22BE0021005CFD93 /* Release */,
			);
			defaultConfigurationIsVisible = 0;
			defaultConfigurationName = Release;
		};
		D76DA1EE22BE0021005CFD93 /* Build configuration list for PBXNativeTarget "YouTubeClone" */ = {
			isa = XCConfigurationList;
			buildConfigurations = (
				D76DA1EF22BE0021005CFD93 /* Debug */,
				D76DA1F022BE0021005CFD93 /* Release */,
			);
			defaultConfigurationIsVisible = 0;
			defaultConfigurationName = Release;
		};
/* End XCConfigurationList section */
	};
	rootObject = D76DA1D422BE0020005CFD93 /* Project object */;
}
